{
  "name": "gialam",
  "lockfileVersion": 3,
  "requires": true,
  "packages": {
    "": {
      "dependencies": {
        "swiper": "^12.1.4"
      }
    },
    "node_modules/swiper": {
      "version": "12.1.4",
      "resolved": "https://registry.npmjs.org/swiper/-/swiper-12.1.4.tgz",
      "integrity": "sha512-bihiwoKMOQwW8FfdUbo1DgkVH25E+4ZELIq0oopL1KTKBteLuaTMi/wwFjMxtlhTkk45k3XQ89D1Fvv0spSqBA==",
      "funding": [
        {
          "type": "custom",
          "url": "https://sponsors.nolimits4web.com"
        },
        {
          "type": "github",
          "url": "https://github.com/sponsors/nolimits4web"
        }
      ],
      "license": "MIT",
      "engines": {
        "node": ">= 4.7.0"
      }
    }
  }
}
